
Microsoft Visual Studio Solution File, Format Version 12.00
# Visual Studio 14
VisualStudioVersion = 14.0.25123.0
MinimumVisualStudioVersion = 10.0.40219.1
Project("{FAE04EC0-301F-11D3-BF4B-00C04F79EFBC}") = "Fuse", "Fuse\Fuse.csproj", "{A4280289-4092-4573-873D-6952A9C95EEE}"
	ProjectSection(ProjectDependencies) = postProject
		{5FD17156-8840-431A-BAAF-2F053F0B9519} = {5FD17156-8840-431A-BAAF-2F053F0B9519}
		{BB74FBBA-1C33-43E8-B900-FFCA99C86FB3} = {BB74FBBA-1C33-43E8-B900-FFCA99C86FB3}
	EndProjectSection
EndProject
Project("{FAE04EC0-301F-11D3-BF4B-00C04F79EFBC}") = "WebServer", "WebServer\WebServer.csproj", "{BB74FBBA-1C33-43E8-B900-FFCA99C86FB3}"
EndProject
Project("{2150E333-8FDC-42A3-9474-1A3956D46DE8}") = ".nuget", ".nuget", "{9B714D55-6362-4CC4-8136-DB30C0E03127}"
	ProjectSection(SolutionItems) = preProject
		.nuget\NuGet.Config = .nuget\NuGet.Config
		.nuget\NuGet.exe = .nuget\NuGet.exe
		.nuget\NuGet.targets = .nuget\NuGet.targets
	EndProjectSection
EndProject
Project("{FAE04EC0-301F-11D3-BF4B-00C04F79EFBC}") = "RqsWebExtension", "RqsWebExtension\RqsWebExtension.csproj", "{5FD17156-8840-431A-BAAF-2F053F0B9519}"
	ProjectSection(ProjectDependencies) = postProject
		{7726554B-00A6-49DC-B909-88410942D7F3} = {7726554B-00A6-49DC-B909-88410942D7F3}
		{BB74FBBA-1C33-43E8-B900-FFCA99C86FB3} = {BB74FBBA-1C33-43E8-B900-FFCA99C86FB3}
	EndProjectSection
EndProject
Project("{FAE04EC0-301F-11D3-BF4B-00C04F79EFBC}") = "Storage", "Storage\Storage.csproj", "{7726554B-00A6-49DC-B909-88410942D7F3}"
EndProject
Global
	GlobalSection(SolutionConfigurationPlatforms) = preSolution
		Debug|Any CPU = Debug|Any CPU
		Release|Any CPU = Release|Any CPU
	EndGlobalSection
	GlobalSection(ProjectConfigurationPlatforms) = postSolution
		{A4280289-4092-4573-873D-6952A9C95EEE}.Debug|Any CPU.ActiveCfg = Debug|Any CPU
		{A4280289-4092-4573-873D-6952A9C95EEE}.Debug|Any CPU.Build.0 = Debug|Any CPU
		{A4280289-4092-4573-873D-6952A9C95EEE}.Release|Any CPU.ActiveCfg = Release|Any CPU
		{A4280289-4092-4573-873D-6952A9C95EEE}.Release|Any CPU.Build.0 = Release|Any CPU
		{BB74FBBA-1C33-43E8-B900-FFCA99C86FB3}.Debug|Any CPU.ActiveCfg = Debug|Any CPU
		{BB74FBBA-1C33-43E8-B900-FFCA99C86FB3}.Debug|Any CPU.Build.0 = Debug|Any CPU
		{BB74FBBA-1C33-43E8-B900-FFCA99C86FB3}.Release|Any CPU.ActiveCfg = Release|Any CPU
		{BB74FBBA-1C33-43E8-B900-FFCA99C86FB3}.Release|Any CPU.Build.0 = Release|Any CPU
		{5FD17156-8840-431A-BAAF-2F053F0B9519}.Debug|Any CPU.ActiveCfg = Debug|Any CPU
		{5FD17156-8840-431A-BAAF-2F053F0B9519}.Debug|Any CPU.Build.0 = Debug|Any CPU
		{5FD17156-8840-431A-BAAF-2F053F0B9519}.Release|Any CPU.ActiveCfg = Release|Any CPU
		{5FD17156-8840-431A-BAAF-2F053F0B9519}.Release|Any CPU.Build.0 = Release|Any CPU
		{7726554B-00A6-49DC-B909-88410942D7F3}.Debug|Any CPU.ActiveCfg = Debug|Any CPU
		{7726554B-00A6-49DC-B909-88410942D7F3}.Debug|Any CPU.Build.0 = Debug|Any CPU
		{7726554B-00A6-49DC-B909-88410942D7F3}.Release|Any CPU.ActiveCfg = Release|Any CPU
		{7726554B-00A6-49DC-B909-88410942D7F3}.Release|Any CPU.Build.0 = Release|Any CPU
	EndGlobalSection
	GlobalSection(SolutionProperties) = preSolution
		HideSolutionNode = FALSE
	EndGlobalSection
EndGlobal
